
Microsoft Visual Studio Solution File, Format Version 12.00
# Visual Studio Version 16
VisualStudioVersion = 16.0.30128.74
MinimumVisualStudioVersion = 10.0.40219.1
Project("{8BC9CEB8-8B4A-11D0-8D11-00A0C91BC942}") = "ServerRoom", "ServerRoom.vcxproj", "{D17D17EB-B028-4054-B21B-168BFEB32C74}"
EndProject
Global
	GlobalSection(SolutionConfigurationPlatforms) = preSolution
		Debug|x64 = Debug|x64
		Debug|x86 = Debug|x86
		Release|x64 = Release|x64
		Release|x86 = Release|x86
	EndGlobalSection
	GlobalSection(ProjectConfigurationPlatforms) = postSolution
		{D17D17EB-B028-4054-B21B-168BFEB32C74}.Debug|x64.ActiveCfg = Debug|x64
		{D17D17EB-B028-4054-B21B-168BFEB32C74}.Debug|x64.Build.0 = Debug|x64
		{D17D17EB-B028-4054-B21B-168BFEB32C74}.Debug|x86.ActiveCfg = Debug|Win32
		{D17D17EB-B028-4054-B21B-168BFEB32C74}.Debug|x86.Build.0 = Debug|Win32
		{D17D17EB-B028-4054-B21B-168BFEB32C74}.Release|x64.ActiveCfg = Release|x64
		{D17D17EB-B028-4054-B21B-168BFEB32C74}.Release|x64.Build.0 = Release|x64
		{D17D17EB-B028-4054-B21B-168BFEB32C74}.Release|x86.ActiveCfg = Release|Win32
		{D17D17EB-B028-4054-B21B-168BFEB32C74}.Release|x86.Build.0 = Release|Win32
	EndGlobalSection
	GlobalSection(SolutionProperties) = preSolution
		HideSolutionNode = FALSE
	EndGlobalSection
	GlobalSection(ExtensibilityGlobals) = postSolution
		SolutionGuid = {7198F797-6326-4B62-8F0A-C2ED3CB20E0D}
	EndGlobalSection
EndGlobal
