<?xml version="1.0" encoding="utf-8"?>
<Project ToolsVersion="4.0" xmlns="http://schemas.microsoft.com/developer/msbuild/2003">
  <ItemGroup>
    <Filter Include="Source Files">
      <UniqueIdentifier>{4FC737F1-C7A5-4376-A066-2A32D752A2FF}</UniqueIdentifier>
      <Extensions>cpp;c;cc;cxx;c++;def;odl;idl;hpj;bat;asm;asmx</Extensions>
    </Filter>
    <Filter Include="Header Files">
      <UniqueIdentifier>{93995380-89BD-4b04-88EB-625FBE52EBFB}</UniqueIdentifier>
      <Extensions>h;hh;hpp;hxx;h++;hm;inl;inc;ipp;xsd</Extensions>
    </Filter>
    <Filter Include="Resource Files">
      <UniqueIdentifier>{67DA6AB6-F800-4c08-8B7A-83BB121AAD01}</UniqueIdentifier>
      <Extensions>rc;ico;cur;bmp;dlg;rc2;rct;bin;rgs;gif;jpg;jpeg;jpe;resx;tiff;tif;png;wav;mfcribbon-ms</Extensions>
    </Filter>
  </ItemGroup>
  <ItemGroup>
    <ClInclude Include="Nonolearn.h">
      <Filter>Header Files</Filter>
    </ClInclude>
    <ClInclude Include="NonolearnDlg.h">
      <Filter>Header Files</Filter>
    </ClInclude>
    <ClInclude Include="framework.h">
      <Filter>Header Files</Filter>
    </ClInclude>
    <ClInclude Include="targetver.h">
      <Filter>Header Files</Filter>
    </ClInclude>
    <ClInclude Include="Resource.h">
      <Filter>Header Files</Filter>
    </ClInclude>
    <ClInclude Include="pch.h">
      <Filter>Header Files</Filter>
    </ClInclude>
    <ClInclude Include="ClientConnect.h">
      <Filter>Header Files</Filter>
    </ClInclude>
    <ClInclude Include="MenuSV.h">
      <Filter>Header Files</Filter>
    </ClInclude>
    <ClInclude Include="ChangePassword.h">
      <Filter>Header Files</Filter>
    </ClInclude>
    <ClInclude Include="MenuGV.h">
      <Filter>Header Files</Filter>
    </ClInclude>
    <ClInclude Include="IDrequestSV.h">
      <Filter>Header Files</Filter>
    </ClInclude>
    <ClInclude Include="IDRequestGV.h">
      <Filter>Header Files</Filter>
    </ClInclude>
    <ClInclude Include="Room_GV.h">
      <Filter>Header Files</Filter>
    </ClInclude>
    <ClInclude Include="Room_SV.h">
      <Filter>Header Files</Filter>
    </ClInclude>
    <ClInclude Include="Client_Room_Connect.h">
      <Filter>Header Files</Filter>
    </ClInclude>
    <ClInclude Include="Client_GV_Room_Connect.h">
      <Filter>Header Files</Filter>
    </ClInclude>
  </ItemGroup>
  <ItemGroup>
    <ClCompile Include="Nonolearn.cpp">
      <Filter>Source Files</Filter>
    </ClCompile>
    <ClCompile Include="NonolearnDlg.cpp">
      <Filter>Source Files</Filter>
    </ClCompile>
    <ClCompile Include="pch.cpp">
      <Filter>Source Files</Filter>
    </ClCompile>
    <ClCompile Include="ClientConnect.cpp">
      <Filter>Source Files</Filter>
    </ClCompile>
    <ClCompile Include="MenuSV.cpp">
      <Filter>Source Files</Filter>
    </ClCompile>
    <ClCompile Include="ChangePassword.cpp">
      <Filter>Source Files</Filter>
    </ClCompile>
    <ClCompile Include="MenuGV.cpp">
      <Filter>Source Files</Filter>
    </ClCompile>
    <ClCompile Include="IDrequestSV.cpp">
      <Filter>Source Files</Filter>
    </ClCompile>
    <ClCompile Include="IDRequestGV.cpp">
      <Filter>Source Files</Filter>
    </ClCompile>
    <ClCompile Include="Room_GV.cpp">
      <Filter>Source Files</Filter>
    </ClCompile>
    <ClCompile Include="Room_SV.cpp">
      <Filter>Source Files</Filter>
    </ClCompile>
    <ClCompile Include="Client_Room_Connect.cpp">
      <Filter>Source Files</Filter>
    </ClCompile>
    <ClCompile Include="Client_GV_Room_Connect.cpp">
      <Filter>Source Files</Filter>
    </ClCompile>
  </ItemGroup>
  <ItemGroup>
    <ResourceCompile Include="Nonolearn.rc">
      <Filter>Resource Files</Filter>
    </ResourceCompile>
  </ItemGroup>
  <ItemGroup>
    <None Include="res\Nonolearn.rc2">
      <Filter>Resource Files</Filter>
    </None>
  </ItemGroup>
  <ItemGroup>
    <Image Include="res\Nonolearn.ico">
      <Filter>Resource Files</Filter>
    </Image>
  </ItemGroup>
</Project>